
Microsoft Visual Studio Solution File, Format Version 12.00
# Visual Studio Version 17
VisualStudioVersion = 17.8.34330.188
MinimumVisualStudioVersion = 10.0.40219.1
Project("{FAE04EC0-301F-11D3-BF4B-00C04F79EFBC}") = "Doctor appointment booking application", "Doctor appointment booking application\Doctor appointment booking application.csproj", "{8A942F45-8057-4AFE-9B1F-D8154CF90CBA}"
EndProject
Project("{2150E333-8FDC-42A3-9474-1A3956D46DE8}") = "Doctor Availability", "Doctor Availability", "{4DE4EAE1-B992-4F14-9906-EE5C19F5E48E}"
EndProject
Project("{2150E333-8FDC-42A3-9474-1A3956D46DE8}") = "Appointment Booking", "Appointment Booking", "{7C7DB289-8BC6-423C-841A-3A95195A28BE}"
EndProject
Project("{2150E333-8FDC-42A3-9474-1A3956D46DE8}") = "Appointment Conrmation", "Appointment Conrmation", "{18711395-AA6B-4856-BCB2-03B177032BBF}"
EndProject
Project("{2150E333-8FDC-42A3-9474-1A3956D46DE8}") = "Doctor Appointment Management", "Doctor Appointment Management", "{7585F038-77C2-4A39-AFB2-F79B49D0FDC6}"
EndProject
Project("{2150E333-8FDC-42A3-9474-1A3956D46DE8}") = "Shared", "Shared", "{FDCCF96D-50B7-490F-B133-A2F3562F50FA}"
EndProject
Project("{2150E333-8FDC-42A3-9474-1A3956D46DE8}") = "Internal", "Internal", "{B9B3A739-CAF5-471B-A268-C3036898CDA7}"
EndProject
Project("{2150E333-8FDC-42A3-9474-1A3956D46DE8}") = "Shared", "Shared", "{794E3C10-A826-4CFB-A603-F66BA0D81531}"
EndProject
Project("{2150E333-8FDC-42A3-9474-1A3956D46DE8}") = "Internal", "Internal", "{1359F168-947A-4233-A29B-2424799120B5}"
EndProject
Project("{2150E333-8FDC-42A3-9474-1A3956D46DE8}") = "Shared", "Shared", "{45C53B99-A84C-4A12-865F-F73F772AC4C3}"
EndProject
Project("{2150E333-8FDC-42A3-9474-1A3956D46DE8}") = "Internal", "Internal", "{F7759ECA-CD19-4C53-9B5C-ED6C4F518C2E}"
EndProject
Project("{2150E333-8FDC-42A3-9474-1A3956D46DE8}") = "Shared", "Shared", "{CB6372C2-C33D-46E1-9687-6CF2E4CA59F1}"
EndProject
Project("{2150E333-8FDC-42A3-9474-1A3956D46DE8}") = "Internal", "Internal", "{A9DC57A0-9C17-428C-B77F-F97EF409DBFA}"
EndProject
Project("{2150E333-8FDC-42A3-9474-1A3956D46DE8}") = "Shared", "Shared", "{E47BF8E2-5D00-4783-A3A3-B91661D5BB49}"
EndProject
Project("{FAE04EC0-301F-11D3-BF4B-00C04F79EFBC}") = "DoctorAvailability.Domain", "DoctorAvailability.Domain\DoctorAvailability.Domain.csproj", "{8D53272C-EDB8-4617-B310-854D9254FAD4}"
EndProject
Project("{FAE04EC0-301F-11D3-BF4B-00C04F79EFBC}") = "DoctorAvailability.Application", "DoctorAvailability.Application\DoctorAvailability.Application.csproj", "{EC4BFF5F-2AB7-4912-AD96-6609A17369D2}"
EndProject
Global
	GlobalSection(SolutionConfigurationPlatforms) = preSolution
		Debug|Any CPU = Debug|Any CPU
		Release|Any CPU = Release|Any CPU
	EndGlobalSection
	GlobalSection(ProjectConfigurationPlatforms) = postSolution
		{8A942F45-8057-4AFE-9B1F-D8154CF90CBA}.Debug|Any CPU.ActiveCfg = Debug|Any CPU
		{8A942F45-8057-4AFE-9B1F-D8154CF90CBA}.Debug|Any CPU.Build.0 = Debug|Any CPU
		{8A942F45-8057-4AFE-9B1F-D8154CF90CBA}.Release|Any CPU.ActiveCfg = Release|Any CPU
		{8A942F45-8057-4AFE-9B1F-D8154CF90CBA}.Release|Any CPU.Build.0 = Release|Any CPU
		{8D53272C-EDB8-4617-B310-854D9254FAD4}.Debug|Any CPU.ActiveCfg = Debug|Any CPU
		{8D53272C-EDB8-4617-B310-854D9254FAD4}.Debug|Any CPU.Build.0 = Debug|Any CPU
		{8D53272C-EDB8-4617-B310-854D9254FAD4}.Release|Any CPU.ActiveCfg = Release|Any CPU
		{8D53272C-EDB8-4617-B310-854D9254FAD4}.Release|Any CPU.Build.0 = Release|Any CPU
		{EC4BFF5F-2AB7-4912-AD96-6609A17369D2}.Debug|Any CPU.ActiveCfg = Debug|Any CPU
		{EC4BFF5F-2AB7-4912-AD96-6609A17369D2}.Debug|Any CPU.Build.0 = Debug|Any CPU
		{EC4BFF5F-2AB7-4912-AD96-6609A17369D2}.Release|Any CPU.ActiveCfg = Release|Any CPU
		{EC4BFF5F-2AB7-4912-AD96-6609A17369D2}.Release|Any CPU.Build.0 = Release|Any CPU
	EndGlobalSection
	GlobalSection(SolutionProperties) = preSolution
		HideSolutionNode = FALSE
	EndGlobalSection
	GlobalSection(NestedProjects) = preSolution
		{B9B3A739-CAF5-471B-A268-C3036898CDA7} = {4DE4EAE1-B992-4F14-9906-EE5C19F5E48E}
		{794E3C10-A826-4CFB-A603-F66BA0D81531} = {4DE4EAE1-B992-4F14-9906-EE5C19F5E48E}
		{1359F168-947A-4233-A29B-2424799120B5} = {7C7DB289-8BC6-423C-841A-3A95195A28BE}
		{45C53B99-A84C-4A12-865F-F73F772AC4C3} = {7C7DB289-8BC6-423C-841A-3A95195A28BE}
		{F7759ECA-CD19-4C53-9B5C-ED6C4F518C2E} = {18711395-AA6B-4856-BCB2-03B177032BBF}
		{CB6372C2-C33D-46E1-9687-6CF2E4CA59F1} = {18711395-AA6B-4856-BCB2-03B177032BBF}
		{A9DC57A0-9C17-428C-B77F-F97EF409DBFA} = {7585F038-77C2-4A39-AFB2-F79B49D0FDC6}
		{E47BF8E2-5D00-4783-A3A3-B91661D5BB49} = {7585F038-77C2-4A39-AFB2-F79B49D0FDC6}
		{8D53272C-EDB8-4617-B310-854D9254FAD4} = {B9B3A739-CAF5-471B-A268-C3036898CDA7}
		{EC4BFF5F-2AB7-4912-AD96-6609A17369D2} = {B9B3A739-CAF5-471B-A268-C3036898CDA7}
	EndGlobalSection
	GlobalSection(ExtensibilityGlobals) = postSolution
		SolutionGuid = {F67208E0-CD95-42DF-B2E0-D7AD7373D7BC}
	EndGlobalSection
EndGlobal
